# This file is autogenerated, do not edit; changes may be undone by the next 'dep ensure'.


[[projects]]
  branch = "master"
  digest = "1:b74f3474445b620c20b8699e36e39bbb8ec9110b595ea28f8e0a75a39c62ab2b"
  name = "github.com/jackpal/bencode-go"
  packages = ["."]
  pruneopts = "UT"
  revision = "227668e840fa94fd54b85018c733f73e73e06879"

[solve-meta]
  analyzer-name = "dep"
  analyzer-version = 1
  input-imports = ["github.com/jackpal/bencode-go"]
  solver-name = "gps-cdcl"
  solver-version = 1
